
Microsoft Visual Studio Solution File, Format Version 12.00
# Visual Studio 15
Project("{f2a71f9b-5d33-465a-a702-920d77279786}") = "ChiGheDocBao", "ChiGheDocBao\ChiGheDocBao.fsproj", "{9CE8A5F9-B3E5-4D94-B62B-B61AEC7DD50D}"
EndProject
Project("{f2a71f9b-5d33-465a-a702-920d77279786}") = "Test", "Test\Test.fsproj", "{7444E73F-5E76-4BC5-82BC-F3058A83DD2F}"
EndProject
Global
	GlobalSection(SolutionConfigurationPlatforms) = preSolution
		Debug|iPhoneSimulator = Debug|iPhoneSimulator
		Release|iPhone = Release|iPhone
		Release|iPhoneSimulator = Release|iPhoneSimulator
		Debug|iPhone = Debug|iPhone
	EndGlobalSection
	GlobalSection(ProjectConfigurationPlatforms) = postSolution
		{9CE8A5F9-B3E5-4D94-B62B-B61AEC7DD50D}.Debug|iPhoneSimulator.ActiveCfg = Debug|iPhoneSimulator
		{9CE8A5F9-B3E5-4D94-B62B-B61AEC7DD50D}.Debug|iPhoneSimulator.Build.0 = Debug|iPhoneSimulator
		{9CE8A5F9-B3E5-4D94-B62B-B61AEC7DD50D}.Release|iPhone.ActiveCfg = Release|iPhone
		{9CE8A5F9-B3E5-4D94-B62B-B61AEC7DD50D}.Release|iPhone.Build.0 = Release|iPhone
		{9CE8A5F9-B3E5-4D94-B62B-B61AEC7DD50D}.Release|iPhoneSimulator.ActiveCfg = Release|iPhoneSimulator
		{9CE8A5F9-B3E5-4D94-B62B-B61AEC7DD50D}.Release|iPhoneSimulator.Build.0 = Release|iPhoneSimulator
		{9CE8A5F9-B3E5-4D94-B62B-B61AEC7DD50D}.Debug|iPhone.ActiveCfg = Debug|iPhone
		{9CE8A5F9-B3E5-4D94-B62B-B61AEC7DD50D}.Debug|iPhone.Build.0 = Debug|iPhone
		{7444E73F-5E76-4BC5-82BC-F3058A83DD2F}.Debug|iPhoneSimulator.ActiveCfg = Debug|Any CPU
		{7444E73F-5E76-4BC5-82BC-F3058A83DD2F}.Debug|iPhoneSimulator.Build.0 = Debug|Any CPU
		{7444E73F-5E76-4BC5-82BC-F3058A83DD2F}.Release|iPhone.ActiveCfg = Release|Any CPU
		{7444E73F-5E76-4BC5-82BC-F3058A83DD2F}.Release|iPhone.Build.0 = Release|Any CPU
		{7444E73F-5E76-4BC5-82BC-F3058A83DD2F}.Release|iPhoneSimulator.ActiveCfg = Release|Any CPU
		{7444E73F-5E76-4BC5-82BC-F3058A83DD2F}.Release|iPhoneSimulator.Build.0 = Release|Any CPU
		{7444E73F-5E76-4BC5-82BC-F3058A83DD2F}.Debug|iPhone.ActiveCfg = Debug|Any CPU
		{7444E73F-5E76-4BC5-82BC-F3058A83DD2F}.Debug|iPhone.Build.0 = Debug|Any CPU
	EndGlobalSection
EndGlobal
