
Microsoft Visual Studio Solution File, Format Version 12.00
# Visual Studio 15
Project("{F2A71F9B-5D33-465A-A702-920D77279786}") = "ChiGheDocBao", "ChiGheDocBao\ChiGheDocBao.fsproj", "{9CE8A5F9-B3E5-4D94-B62B-B61AEC7DD50D}"
EndProject
Global
	GlobalSection(SolutionConfigurationPlatforms) = preSolution
		Debug|iPhoneSimulator = Debug|iPhoneSimulator
		Release|iPhone = Release|iPhone
		Release|iPhoneSimulator = Release|iPhoneSimulator
		Debug|iPhone = Debug|iPhone
	EndGlobalSection
	GlobalSection(ProjectConfigurationPlatforms) = postSolution
		{9CE8A5F9-B3E5-4D94-B62B-B61AEC7DD50D}.Debug|iPhoneSimulator.ActiveCfg = Debug|iPhoneSimulator
		{9CE8A5F9-B3E5-4D94-B62B-B61AEC7DD50D}.Debug|iPhoneSimulator.Build.0 = Debug|iPhoneSimulator
		{9CE8A5F9-B3E5-4D94-B62B-B61AEC7DD50D}.Release|iPhone.ActiveCfg = Release|iPhone
		{9CE8A5F9-B3E5-4D94-B62B-B61AEC7DD50D}.Release|iPhone.Build.0 = Release|iPhone
		{9CE8A5F9-B3E5-4D94-B62B-B61AEC7DD50D}.Release|iPhoneSimulator.ActiveCfg = Release|iPhoneSimulator
		{9CE8A5F9-B3E5-4D94-B62B-B61AEC7DD50D}.Release|iPhoneSimulator.Build.0 = Release|iPhoneSimulator
		{9CE8A5F9-B3E5-4D94-B62B-B61AEC7DD50D}.Debug|iPhone.ActiveCfg = Debug|iPhone
		{9CE8A5F9-B3E5-4D94-B62B-B61AEC7DD50D}.Debug|iPhone.Build.0 = Debug|iPhone
	EndGlobalSection
EndGlobal
